
Microsoft Visual Studio Solution File, Format Version 12.00
# Visual Studio Version 17
VisualStudioVersion = 17.0.31903.59
MinimumVisualStudioVersion = 10.0.40219.1
Project("{FAE04EC0-301F-11D3-BF4B-00C04F79EFBC}") = "Archetype.Framework", "Archetype.Framework\Archetype.Framework.csproj", "{1CC4E166-4341-4461-9A8D-AF85DE381A2B}"
EndProject
Project("{FAE04EC0-301F-11D3-BF4B-00C04F79EFBC}") = "Archetype.Tests", "Archetype.Tests\Archetype.Tests.csproj", "{E8273765-CA01-4557-B27F-29515DE41C5B}"
EndProject
Project("{FAE04EC0-301F-11D3-BF4B-00C04F79EFBC}") = "Archetype.Prototype1", "Archetype.Prototype1\Archetype.Prototype1.csproj", "{80267F1D-02F9-4678-A881-5DDCB86687C8}"
EndProject
Project("{FAE04EC0-301F-11D3-BF4B-00C04F79EFBC}") = "Archetype.GrammarGenerator", "Archetype.GrammarGenerator\Archetype.GrammarGenerator.csproj", "{5DB19232-94BB-4462-965A-975B8E576FC1}"
EndProject
Global
	GlobalSection(SolutionConfigurationPlatforms) = preSolution
		Debug|Any CPU = Debug|Any CPU
		Release|Any CPU = Release|Any CPU
	EndGlobalSection
	GlobalSection(SolutionProperties) = preSolution
		HideSolutionNode = FALSE
	EndGlobalSection
	GlobalSection(ProjectConfigurationPlatforms) = postSolution
		{1CC4E166-4341-4461-9A8D-AF85DE381A2B}.Debug|Any CPU.ActiveCfg = Debug|Any CPU
		{1CC4E166-4341-4461-9A8D-AF85DE381A2B}.Debug|Any CPU.Build.0 = Debug|Any CPU
		{1CC4E166-4341-4461-9A8D-AF85DE381A2B}.Release|Any CPU.ActiveCfg = Release|Any CPU
		{1CC4E166-4341-4461-9A8D-AF85DE381A2B}.Release|Any CPU.Build.0 = Release|Any CPU
		{E8273765-CA01-4557-B27F-29515DE41C5B}.Debug|Any CPU.ActiveCfg = Debug|Any CPU
		{E8273765-CA01-4557-B27F-29515DE41C5B}.Debug|Any CPU.Build.0 = Debug|Any CPU
		{E8273765-CA01-4557-B27F-29515DE41C5B}.Release|Any CPU.ActiveCfg = Release|Any CPU
		{E8273765-CA01-4557-B27F-29515DE41C5B}.Release|Any CPU.Build.0 = Release|Any CPU
		{80267F1D-02F9-4678-A881-5DDCB86687C8}.Debug|Any CPU.ActiveCfg = Debug|Any CPU
		{80267F1D-02F9-4678-A881-5DDCB86687C8}.Debug|Any CPU.Build.0 = Debug|Any CPU
		{80267F1D-02F9-4678-A881-5DDCB86687C8}.Release|Any CPU.ActiveCfg = Release|Any CPU
		{80267F1D-02F9-4678-A881-5DDCB86687C8}.Release|Any CPU.Build.0 = Release|Any CPU
		{5DB19232-94BB-4462-965A-975B8E576FC1}.Debug|Any CPU.ActiveCfg = Debug|Any CPU
		{5DB19232-94BB-4462-965A-975B8E576FC1}.Debug|Any CPU.Build.0 = Debug|Any CPU
		{5DB19232-94BB-4462-965A-975B8E576FC1}.Release|Any CPU.ActiveCfg = Release|Any CPU
		{5DB19232-94BB-4462-965A-975B8E576FC1}.Release|Any CPU.Build.0 = Release|Any CPU
	EndGlobalSection
EndGlobal
